
Microsoft Visual Studio Solution File, Format Version 12.00
# Visual Studio Version 16
VisualStudioVersion = 16.0.30523.141
MinimumVisualStudioVersion = 10.0.40219.1
Project("{FAE04EC0-301F-11D3-BF4B-00C04F79EFBC}") = "Kronometre", "Kronometre\Kronometre.csproj", "{02005502-0CB9-468E-B57B-E6CB63F6282D}"
EndProject
Global
	GlobalSection(SolutionConfigurationPlatforms) = preSolution
		Debug|Any CPU = Debug|Any CPU
		Release|Any CPU = Release|Any CPU
	EndGlobalSection
	GlobalSection(ProjectConfigurationPlatforms) = postSolution
		{02005502-0CB9-468E-B57B-E6CB63F6282D}.Debug|Any CPU.ActiveCfg = Debug|Any CPU
		{02005502-0CB9-468E-B57B-E6CB63F6282D}.Debug|Any CPU.Build.0 = Debug|Any CPU
		{02005502-0CB9-468E-B57B-E6CB63F6282D}.Release|Any CPU.ActiveCfg = Release|Any CPU
		{02005502-0CB9-468E-B57B-E6CB63F6282D}.Release|Any CPU.Build.0 = Release|Any CPU
	EndGlobalSection
	GlobalSection(SolutionProperties) = preSolution
		HideSolutionNode = FALSE
	EndGlobalSection
	GlobalSection(ExtensibilityGlobals) = postSolution
		SolutionGuid = {176AB21B-26C2-4666-B1C9-AB19467CFB40}
	EndGlobalSection
EndGlobal
